// !$*UTF8*$!
{
	archiveVersion = 1;
	classes = {
	};
	objectVersion = 46;
	objects = {

/* Begin PBXBuildFile section */
		878A07941F2B882300E30F17 /* Meme.swift in Sources */ = {isa = PBXBuildFile; fileRef = 878A07931F2B882300E30F17 /* Meme.swift */; };
		87C8D3CC1F2BA6E6001349C7 /* impact.ttf in Resources */ = {isa = PBXBuildFile; fileRef = 87C8D3CB1F2BA6E6001349C7 /* impact.ttf */; };
		87D351691F2933F10011A95E /* AppDelegate.swift in Sources */ = {isa = PBXBuildFile; fileRef = 87D351681F2933F10011A95E /* AppDelegate.swift */; };
		87D3516B1F2933F10011A95E /* MemeEditorViewController.swift in Sources */ = {isa = PBXBuildFile; fileRef = 87D3516A1F2933F10011A95E /* MemeEditorViewController.swift */; };
		87D3516E1F2933F10011A95E /* Main.storyboard in Resources */ = {isa = PBXBuildFile; fileRef = 87D3516C1F2933F10011A95E /* Main.storyboard */; };
		87D351701F2933F10011A95E /* Assets.xcassets in Resources */ = {isa = PBXBuildFile; fileRef = 87D3516F1F2933F10011A95E /* Assets.xcassets */; };
		87D351731F2933F10011A95E /* LaunchScreen.storyboard in Resources */ = {isa = PBXBuildFile; fileRef = 87D351711F2933F10011A95E /* LaunchScreen.storyboard */; };
/* End PBXBuildFile section */

/* Begin PBXFileReference section */
		878A07931F2B882300E30F17 /* Meme.swift */ = {isa = PBXFileReference; fileEncoding = 4; lastKnownFileType = sourcecode.swift; path = Meme.swift; sourceTree = "<group>"; };
		87C8D3CB1F2BA6E6001349C7 /* impact.ttf */ = {isa = PBXFileReference; lastKnownFileType = file; path = impact.ttf; sourceTree = "<group>"; };
		87D351651F2933F10011A95E /* MemeMe.app */ = {isa = PBXFileReference; explicitFileType = wrapper.application; includeInIndex = 0; path = MemeMe.app; sourceTree = BUILT_PRODUCTS_DIR; };
		87D351681F2933F10011A95E /* AppDelegate.swift */ = {isa = PBXFileReference; lastKnownFileType = sourcecode.swift; path = AppDelegate.swift; sourceTree = "<group>"; };
		87D3516A1F2933F10011A95E /* MemeEditorViewController.swift */ = {isa = PBXFileReference; lastKnownFileType = sourcecode.swift; path = MemeEditorViewController.swift; sourceTree = "<group>"; };
		87D3516D1F2933F10011A95E /* Base */ = {isa = PBXFileReference; lastKnownFileType = file.storyboard; name = Base; path = Base.lproj/Main.storyboard; sourceTree = "<group>"; };
		87D3516F1F2933F10011A95E /* Assets.xcassets */ = {isa = PBXFileReference; lastKnownFileType = folder.assetcatalog; path = Assets.xcassets; sourceTree = "<group>"; };
		87D351721F2933F10011A95E /* Base */ = {isa = PBXFileReference; lastKnownFileType = file.storyboard; name = Base; path = Base.lproj/LaunchScreen.storyboard; sourceTree = "<group>"; };
		87D351741F2933F10011A95E /* Info.plist */ = {isa = PBXFileReference; lastKnownFileType = text.plist.xml; path = Info.plist; sourceTree = "<group>"; };
/* End PBXFileReference section */

/* Begin PBXFrameworksBuildPhase section */
		87D351621F2933F10011A95E /* Frameworks */ = {
			isa = PBXFrameworksBuildPhase;
			buildActionMask = 2147483647;
			files = (
			);
			runOnlyForDeploymentPostprocessing = 0;
		};
/* End PBXFrameworksBuildPhase section */

/* Begin PBXGroup section */
		87C8D3CA1F2BA6B7001349C7 /* CustomFonts */ = {
			isa = PBXGroup;
			children = (
				87C8D3CB1F2BA6E6001349C7 /* impact.ttf */,
			);
			name = CustomFonts;
			sourceTree = "<group>";
		};
		87D3515C1F2933F10011A95E = {
			isa = PBXGroup;
			children = (
				87D351671F2933F10011A95E /* MemeMe */,
				87D351661F2933F10011A95E /* Products */,
			);
			sourceTree = "<group>";
		};
		87D351661F2933F10011A95E /* Products */ = {
			isa = PBXGroup;
			children = (
				87D351651F2933F10011A95E /* MemeMe.app */,
			);
			name = Products;
			sourceTree = "<group>";
		};
		87D351671F2933F10011A95E /* MemeMe */ = {
			isa = PBXGroup;
			children = (
				87C8D3CA1F2BA6B7001349C7 /* CustomFonts */,
				87D3517A1F29341A0011A95E /* Support Files */,
				87D3516C1F2933F10011A95E /* Main.storyboard */,
				87D3516A1F2933F10011A95E /* MemeEditorViewController.swift */,
				878A07931F2B882300E30F17 /* Meme.swift */,
			);
			path = MemeMe;
			sourceTree = "<group>";
		};
		87D3517A1F29341A0011A95E /* Support Files */ = {
			isa = PBXGroup;
			children = (
				87D351741F2933F10011A95E /* Info.plist */,
				87D351681F2933F10011A95E /* AppDelegate.swift */,
				87D351711F2933F10011A95E /* LaunchScreen.storyboard */,
				87D3516F1F2933F10011A95E /* Assets.xcassets */,
			);
			name = "Support Files";
			sourceTree = "<group>";
		};
/* End PBXGroup section */

/* Begin PBXNativeTarget section */
		87D351641F2933F10011A95E /* MemeMe */ = {
			isa = PBXNativeTarget;
			buildConfigurationList = 87D351771F2933F10011A95E /* Build configuration list for PBXNativeTarget "MemeMe" */;
			buildPhases = (
				87D351611F2933F10011A95E /* Sources */,
				87D351621F2933F10011A95E /* Frameworks */,
				87D351631F2933F10011A95E /* Resources */,
			);
			buildRules = (
			);
			dependencies = (
			);
			name = MemeMe;
			productName = MemeMe;
			productReference = 87D351651F2933F10011A95E /* MemeMe.app */;
			productType = "com.apple.product-type.application";
		};
/* End PBXNativeTarget section */

/* Begin PBXProject section */
		87D3515D1F2933F10011A95E /* Project object */ = {
			isa = PBXProject;
			attributes = {
				LastSwiftUpdateCheck = 0830;
				LastUpgradeCheck = 0830;
				ORGANIZATIONNAME = "Curtis Bridges";
				TargetAttributes = {
					87D351641F2933F10011A95E = {
						CreatedOnToolsVersion = 8.3.3;
						DevelopmentTeam = 229PUDCW45;
						ProvisioningStyle = Automatic;
					};
				};
			};
			buildConfigurationList = 87D351601F2933F10011A95E /* Build configuration list for PBXProject "MemeMe" */;
			compatibilityVersion = "Xcode 3.2";
			developmentRegion = English;
			hasScannedForEncodings = 0;
			knownRegions = (
				en,
				Base,
			);
			mainGroup = 87D3515C1F2933F10011A95E;
			productRefGroup = 87D351661F2933F10011A95E /* Products */;
			projectDirPath = "";
			projectRoot = "";
			targets = (
				87D351641F2933F10011A95E /* MemeMe */,
			);
		};
/* End PBXProject section */

/* Begin PBXResourcesBuildPhase section */
		87D351631F2933F10011A95E /* Resources */ = {
			isa = PBXResourcesBuildPhase;
			buildActionMask = 2147483647;
			files = (
				87C8D3CC1F2BA6E6001349C7 /* impact.ttf in Resources */,
				87D351731F2933F10011A95E /* LaunchScreen.storyboard in Resources */,
				87D351701F2933F10011A95E /* Assets.xcassets in Resources */,
				87D3516E1F2933F10011A95E /* Main.storyboard in Resources */,
			);
			runOnlyForDeploymentPostprocessing = 0;
		};
/* End PBXResourcesBuildPhase section */

/* Begin PBXSourcesBuildPhase section */
		87D351611F2933F10011A95E /* Sources */ = {
			isa = PBXSourcesBuildPhase;
			buildActionMask = 2147483647;
			files = (
				878A07941F2B882300E30F17 /* Meme.swift in Sources */,
				87D3516B1F2933F10011A95E /* MemeEditorViewController.swift in Sources */,
				87D351691F2933F10011A95E /* AppDelegate.swift in Sources */,
			);
			runOnlyForDeploymentPostprocessing = 0;
		};
/* End PBXSourcesBuildPhase section */

/* Begin PBXVariantGroup section */
		87D3516C1F2933F10011A95E /* Main.storyboard */ = {
			isa = PBXVariantGroup;
			children = (
				87D3516D1F2933F10011A95E /* Base */,
			);
			name = Main.storyboard;
			sourceTree = "<group>";
		};
		87D351711F2933F10011A95E /* LaunchScreen.storyboard */ = {
			isa = PBXVariantGroup;
			children = (
				87D351721F2933F10011A95E /* Base */,
			);
			name = LaunchScreen.storyboard;
			sourceTree = "<group>";
		};
/* End PBXVariantGroup section */

/* Begin XCBuildConfiguration section */
		87D351751F2933F10011A95E /* Debug */ = {
			isa = XCBuildConfiguration;
			buildSettings = {
				ALWAYS_SEARCH_USER_PATHS = NO;
				CLANG_ANALYZER_NONNULL = YES;
				CLANG_ANALYZER_NUMBER_OBJECT_CONVERSION = YES_AGGRESSIVE;
				CLANG_CXX_LANGUAGE_STANDARD = "gnu++0x";
				CLANG_CXX_LIBRARY = "libc++";
				CLANG_ENABLE_MODULES = YES;
				CLANG_ENABLE_OBJC_ARC = YES;
				CLANG_WARN_BOOL_CONVERSION = YES;
				CLANG_WARN_CONSTANT_CONVERSION = YES;
				CLANG_WARN_DIRECT_OBJC_ISA_USAGE = YES_ERROR;
				CLANG_WARN_DOCUMENTATION_COMMENTS = YES;
				CLANG_WARN_EMPTY_BODY = YES;
				CLANG_WARN_ENUM_CONVERSION = YES;
				CLANG_WARN_INFINITE_RECURSION = YES;
				CLANG_WARN_INT_CONVERSION = YES;
				CLANG_WARN_OBJC_ROOT_CLASS = YES_ERROR;
				CLANG_WARN_SUSPICIOUS_MOVE = YES;
				CLANG_WARN_UNREACHABLE_CODE = YES;
				CLANG_WARN__DUPLICATE_METHOD_MATCH = YES;
				"CODE_SIGN_IDENTITY[sdk=iphoneos*]" = "iPhone Developer";
				COPY_PHASE_STRIP = NO;
				DEBUG_INFORMATION_FORMAT = dwarf;
				ENABLE_STRICT_OBJC_MSGSEND = YES;
				ENABLE_TESTABILITY = YES;
				GCC_C_LANGUAGE_STANDARD = gnu99;
				GCC_DYNAMIC_NO_PIC = NO;
				GCC_NO_COMMON_BLOCKS = YES;
				GCC_OPTIMIZATION_LEVEL = 0;
				GCC_PREPROCESSOR_DEFINITIONS = (
					"DEBUG=1",
					"$(inherited)",
				);
				GCC_WARN_64_TO_32_BIT_CONVERSION = YES;
				GCC_WARN_ABOUT_RETURN_TYPE = YES_ERROR;
				GCC_WARN_UNDECLARED_SELECTOR = YES;
				GCC_WARN_UNINITIALIZED_AUTOS = YES_AGGRESSIVE;
				GCC_WARN_UNUSED_FUNCTION = YES;
				GCC_WARN_UNUSED_VARIABLE = YES;
				IPHONEOS_DEPLOYMENT_TARGET = 10.3;
				MTL_ENABLE_DEBUG_INFO = YES;
				ONLY_ACTIVE_ARCH = YES;
				SDKROOT = iphoneos;
				SWIFT_ACTIVE_COMPILATION_CONDITIONS = DEBUG;
				SWIFT_OPTIMIZATION_LEVEL = "-Onone";
				TARGETED_DEVICE_FAMILY = "1,2";
			};
			name = Debug;
		};
		87D351761F2933F10011A95E /* Release */ = {
			isa = XCBuildConfiguration;
			buildSettings = {
				ALWAYS_SEARCH_USER_PATHS = NO;
				CLANG_ANALYZER_NONNULL = YES;
				CLANG_ANALYZER_NUMBER_OBJECT_CONVERSION = YES_AGGRESSIVE;
				CLANG_CXX_LANGUAGE_STANDARD = "gnu++0x";
				CLANG_CXX_LIBRARY = "libc++";
				CLANG_ENABLE_MODULES = YES;
				CLANG_ENABLE_OBJC_ARC = YES;
				CLANG_WARN_BOOL_CONVERSION = YES;
				CLANG_WARN_CONSTANT_CONVERSION = YES;
				CLANG_WARN_DIRECT_OBJC_ISA_USAGE = YES_ERROR;
				CLANG_WARN_DOCUMENTATION_COMMENTS = YES;
				CLANG_WARN_EMPTY_BODY = YES;
				CLANG_WARN_ENUM_CONVERSION = YES;
				CLANG_WARN_INFINITE_RECURSION = YES;
				CLANG_WARN_INT_CONVERSION = YES;
				CLANG_WARN_OBJC_ROOT_CLASS = YES_ERROR;
				CLANG_WARN_SUSPICIOUS_MOVE = YES;
				CLANG_WARN_UNREACHABLE_CODE = YES;
				CLANG_WARN__DUPLICATE_METHOD_MATCH = YES;
				"CODE_SIGN_IDENTITY[sdk=iphoneos*]" = "iPhone Developer";
				COPY_PHASE_STRIP = NO;
				DEBUG_INFORMATION_FORMAT = "dwarf-with-dsym";
				ENABLE_NS_ASSERTIONS = NO;
				ENABLE_STRICT_OBJC_MSGSEND = YES;
				GCC_C_LANGUAGE_STANDARD = gnu99;
				GCC_NO_COMMON_BLOCKS = YES;
				GCC_WARN_64_TO_32_BIT_CONVERSION = YES;
				GCC_WARN_ABOUT_RETURN_TYPE = YES_ERROR;
				GCC_WARN_UNDECLARED_SELECTOR = YES;
				GCC_WARN_UNINITIALIZED_AUTOS = YES_AGGRESSIVE;
				GCC_WARN_UNUSED_FUNCTION = YES;
				GCC_WARN_UNUSED_VARIABLE = YES;
				IPHONEOS_DEPLOYMENT_TARGET = 10.3;
				MTL_ENABLE_DEBUG_INFO = NO;
				SDKROOT = iphoneos;
				SWIFT_OPTIMIZATION_LEVEL = "-Owholemodule";
				TARGETED_DEVICE_FAMILY = "1,2";
				VALIDATE_PRODUCT = YES;
			};
			name = Release;
		};
		87D351781F2933F10011A95E /* Debug */ = {
			isa = XCBuildConfiguration;
			buildSettings = {
				ASSETCATALOG_COMPILER_APPICON_NAME = AppIcon;
				DEVELOPMENT_TEAM = 229PUDCW45;
				INFOPLIST_FILE = MemeMe/Info.plist;
				LD_RUNPATH_SEARCH_PATHS = "$(inherited) @executable_path/Frameworks";
				PRODUCT_BUNDLE_IDENTIFIER = com.curtisbridges.udacity.ios.MemeMe;
				PRODUCT_NAME = "$(TARGET_NAME)";
				SWIFT_VERSION = 3.0;
				TARGETED_DEVICE_FAMILY = 1;
			};
			name = Debug;
		};
		87D351791F2933F10011A95E /* Release */ = {
			isa = XCBuildConfiguration;
			buildSettings = {
				ASSETCATALOG_COMPILER_APPICON_NAME = AppIcon;
				DEVELOPMENT_TEAM = 229PUDCW45;
				INFOPLIST_FILE = MemeMe/Info.plist;
				LD_RUNPATH_SEARCH_PATHS = "$(inherited) @executable_path/Frameworks";
				PRODUCT_BUNDLE_IDENTIFIER = com.curtisbridges.udacity.ios.MemeMe;
				PRODUCT_NAME = "$(TARGET_NAME)";
				SWIFT_VERSION = 3.0;
				TARGETED_DEVICE_FAMILY = 1;
			};
			name = Release;
		};
/* End XCBuildConfiguration section */

/* Begin XCConfigurationList section */
		87D351601F2933F10011A95E /* Build configuration list for PBXProject "MemeMe" */ = {
			isa = XCConfigurationList;
			buildConfigurations = (
				87D351751F2933F10011A95E /* Debug */,
				87D351761F2933F10011A95E /* Release */,
			);
			defaultConfigurationIsVisible = 0;
			defaultConfigurationName = Release;
		};
		87D351771F2933F10011A95E /* Build configuration list for PBXNativeTarget "MemeMe" */ = {
			isa = XCConfigurationList;
			buildConfigurations = (
				87D351781F2933F10011A95E /* Debug */,
				87D351791F2933F10011A95E /* Release */,
			);
			defaultConfigurationIsVisible = 0;
			defaultConfigurationName = Release;
		};
/* End XCConfigurationList section */
	};
	rootObject = 87D3515D1F2933F10011A95E /* Project object */;
}
